
Microsoft Visual Studio Solution File, Format Version 12.00
# Visual Studio 2013
VisualStudioVersion = 12.0.30723.0
MinimumVisualStudioVersion = 10.0.40219.1
Project("{FAE04EC0-301F-11D3-BF4B-00C04F79EFBC}") = "IISTraceEvent", "IISTraceEvent\IISTraceEvent.csproj", "{006B5002-EE7E-46DB-9345-80199CA7B2D4}"
EndProject
Project("{FAE04EC0-301F-11D3-BF4B-00C04F79EFBC}") = "SampleLogger", "SampleLogger\SampleLogger.csproj", "{59E42D48-4A46-4791-A05F-BA42759A6B29}"
EndProject
Global
	GlobalSection(SolutionConfigurationPlatforms) = preSolution
		Debug|Any CPU = Debug|Any CPU
		Release|Any CPU = Release|Any CPU
	EndGlobalSection
	GlobalSection(ProjectConfigurationPlatforms) = postSolution
		{006B5002-EE7E-46DB-9345-80199CA7B2D4}.Debug|Any CPU.ActiveCfg = Debug|Any CPU
		{006B5002-EE7E-46DB-9345-80199CA7B2D4}.Debug|Any CPU.Build.0 = Debug|Any CPU
		{006B5002-EE7E-46DB-9345-80199CA7B2D4}.Release|Any CPU.ActiveCfg = Release|Any CPU
		{006B5002-EE7E-46DB-9345-80199CA7B2D4}.Release|Any CPU.Build.0 = Release|Any CPU
		{59E42D48-4A46-4791-A05F-BA42759A6B29}.Debug|Any CPU.ActiveCfg = Debug|Any CPU
		{59E42D48-4A46-4791-A05F-BA42759A6B29}.Debug|Any CPU.Build.0 = Debug|Any CPU
		{59E42D48-4A46-4791-A05F-BA42759A6B29}.Release|Any CPU.ActiveCfg = Release|Any CPU
		{59E42D48-4A46-4791-A05F-BA42759A6B29}.Release|Any CPU.Build.0 = Release|Any CPU
	EndGlobalSection
	GlobalSection(SolutionProperties) = preSolution
		HideSolutionNode = FALSE
	EndGlobalSection
EndGlobal
